
Microsoft Visual Studio Solution File, Format Version 12.00
# Visual Studio Version 17
VisualStudioVersion = 17.2.32630.192
MinimumVisualStudioVersion = 10.0.40219.1
Project("{9A19103F-16F7-4668-BE54-9A1E7A4F7556}") = "F10Y.NG0007", "F10Y.NG0007\F10Y.NG0007.csproj", "{1428D6C2-4A70-408B-842E-F88AD6F3CDA8}"
EndProject
Global
	GlobalSection(SolutionConfigurationPlatforms) = preSolution
		Debug|Any CPU = Debug|Any CPU
		Release|Any CPU = Release|Any CPU
	EndGlobalSection
	GlobalSection(ProjectConfigurationPlatforms) = postSolution
		{1428D6C2-4A70-408B-842E-F88AD6F3CDA8}.Debug|Any CPU.ActiveCfg = Debug|Any CPU
		{1428D6C2-4A70-408B-842E-F88AD6F3CDA8}.Debug|Any CPU.Build.0 = Debug|Any CPU
		{1428D6C2-4A70-408B-842E-F88AD6F3CDA8}.Release|Any CPU.ActiveCfg = Release|Any CPU
		{1428D6C2-4A70-408B-842E-F88AD6F3CDA8}.Release|Any CPU.Build.0 = Release|Any CPU
	EndGlobalSection
	GlobalSection(SolutionProperties) = preSolution
		HideSolutionNode = FALSE
	EndGlobalSection
	GlobalSection(ExtensibilityGlobals) = postSolution
		SolutionGuid = {791F35DF-E5A3-4BA0-BFF2-A9811449E5B8}
	EndGlobalSection
EndGlobal
